// !$*UTF8*$!
{
	archiveVersion = 1;
	classes = {
	};
	objectVersion = 46;
	objects = {

/* Begin PBXBuildFile section */
		0408D40F171647B800772ABD /* UIKit.framework in Frameworks */ = {isa = PBXBuildFile; fileRef = 0408D40E171647B800772ABD /* UIKit.framework */; };
		0408D411171647B800772ABD /* Foundation.framework in Frameworks */ = {isa = PBXBuildFile; fileRef = 0408D410171647B800772ABD /* Foundation.framework */; };
		0408D413171647B800772ABD /* CoreGraphics.framework in Frameworks */ = {isa = PBXBuildFile; fileRef = 0408D412171647B800772ABD /* CoreGraphics.framework */; };
		0408D419171647B800772ABD /* InfoPlist.strings in Resources */ = {isa = PBXBuildFile; fileRef = 0408D417171647B800772ABD /* InfoPlist.strings */; };
		0408D41B171647B800772ABD /* main.m in Sources */ = {isa = PBXBuildFile; fileRef = 0408D41A171647B800772ABD /* main.m */; };
		0408D41F171647B800772ABD /* AppDelegate.m in Sources */ = {isa = PBXBuildFile; fileRef = 0408D41E171647B800772ABD /* AppDelegate.m */; };
		0408D421171647B800772ABD /* Default.png in Resources */ = {isa = PBXBuildFile; fileRef = 0408D420171647B800772ABD /* Default.png */; };
		0408D423171647B800772ABD /* Default@2x.png in Resources */ = {isa = PBXBuildFile; fileRef = 0408D422171647B800772ABD /* Default@2x.png */; };
		0408D425171647B800772ABD /* Default-568h@2x.png in Resources */ = {isa = PBXBuildFile; fileRef = 0408D424171647B800772ABD /* Default-568h@2x.png */; };
		0408D428171647B800772ABD /* ViewController.m in Sources */ = {isa = PBXBuildFile; fileRef = 0408D427171647B800772ABD /* ViewController.m */; };
		0408D42B171647B800772ABD /* ViewController.xib in Resources */ = {isa = PBXBuildFile; fileRef = 0408D429171647B800772ABD /* ViewController.xib */; };
/* End PBXBuildFile section */

/* Begin PBXFileReference section */
		0408D40B171647B800772ABD /* JsonTest.app */ = {isa = PBXFileReference; explicitFileType = wrapper.application; includeInIndex = 0; path = JsonTest.app; sourceTree = BUILT_PRODUCTS_DIR; };
		0408D40E171647B800772ABD /* UIKit.framework */ = {isa = PBXFileReference; lastKnownFileType = wrapper.framework; name = UIKit.framework; path = System/Library/Frameworks/UIKit.framework; sourceTree = SDKROOT; };
		0408D410171647B800772ABD /* Foundation.framework */ = {isa = PBXFileReference; lastKnownFileType = wrapper.framework; name = Foundation.framework; path = System/Library/Frameworks/Foundation.framework; sourceTree = SDKROOT; };
		0408D412171647B800772ABD /* CoreGraphics.framework */ = {isa = PBXFileReference; lastKnownFileType = wrapper.framework; name = CoreGraphics.framework; path = System/Library/Frameworks/CoreGraphics.framework; sourceTree = SDKROOT; };
		0408D416171647B800772ABD /* JsonTest-Info.plist */ = {isa = PBXFileReference; lastKnownFileType = text.plist.xml; path = "JsonTest-Info.plist"; sourceTree = "<group>"; };
		0408D418171647B800772ABD /* en */ = {isa = PBXFileReference; lastKnownFileType = text.plist.strings; name = en; path = en.lproj/InfoPlist.strings; sourceTree = "<group>"; };
		0408D41A171647B800772ABD /* main.m */ = {isa = PBXFileReference; lastKnownFileType = sourcecode.c.objc; path = main.m; sourceTree = "<group>"; };
		0408D41C171647B800772ABD /* JsonTest-Prefix.pch */ = {isa = PBXFileReference; lastKnownFileType = sourcecode.c.h; path = "JsonTest-Prefix.pch"; sourceTree = "<group>"; };
		0408D41D171647B800772ABD /* AppDelegate.h */ = {isa = PBXFileReference; lastKnownFileType = sourcecode.c.h; path = AppDelegate.h; sourceTree = "<group>"; };
		0408D41E171647B800772ABD /* AppDelegate.m */ = {isa = PBXFileReference; lastKnownFileType = sourcecode.c.objc; path = AppDelegate.m; sourceTree = "<group>"; };
		0408D420171647B800772ABD /* Default.png */ = {isa = PBXFileReference; lastKnownFileType = image.png; path = Default.png; sourceTree = "<group>"; };
		0408D422171647B800772ABD /* Default@2x.png */ = {isa = PBXFileReference; lastKnownFileType = image.png; path = "Default@2x.png"; sourceTree = "<group>"; };
		0408D424171647B800772ABD /* Default-568h@2x.png */ = {isa = PBXFileReference; lastKnownFileType = image.png; path = "Default-568h@2x.png"; sourceTree = "<group>"; };
		0408D426171647B800772ABD /* ViewController.h */ = {isa = PBXFileReference; lastKnownFileType = sourcecode.c.h; path = ViewController.h; sourceTree = "<group>"; };
		0408D427171647B800772ABD /* ViewController.m */ = {isa = PBXFileReference; lastKnownFileType = sourcecode.c.objc; path = ViewController.m; sourceTree = "<group>"; };
		0408D42A171647B800772ABD /* en */ = {isa = PBXFileReference; lastKnownFileType = file.xib; name = en; path = en.lproj/ViewController.xib; sourceTree = "<group>"; };
/* End PBXFileReference section */

/* Begin PBXFrameworksBuildPhase section */
		0408D408171647B800772ABD /* Frameworks */ = {
			isa = PBXFrameworksBuildPhase;
			buildActionMask = 2147483647;
			files = (
				0408D40F171647B800772ABD /* UIKit.framework in Frameworks */,
				0408D411171647B800772ABD /* Foundation.framework in Frameworks */,
				0408D413171647B800772ABD /* CoreGraphics.framework in Frameworks */,
			);
			runOnlyForDeploymentPostprocessing = 0;
		};
/* End PBXFrameworksBuildPhase section */

/* Begin PBXGroup section */
		0408D402171647B800772ABD = {
			isa = PBXGroup;
			children = (
				0408D414171647B800772ABD /* JsonTest */,
				0408D40D171647B800772ABD /* Frameworks */,
				0408D40C171647B800772ABD /* Products */,
			);
			sourceTree = "<group>";
		};
		0408D40C171647B800772ABD /* Products */ = {
			isa = PBXGroup;
			children = (
				0408D40B171647B800772ABD /* JsonTest.app */,
			);
			name = Products;
			sourceTree = "<group>";
		};
		0408D40D171647B800772ABD /* Frameworks */ = {
			isa = PBXGroup;
			children = (
				0408D40E171647B800772ABD /* UIKit.framework */,
				0408D410171647B800772ABD /* Foundation.framework */,
				0408D412171647B800772ABD /* CoreGraphics.framework */,
			);
			name = Frameworks;
			sourceTree = "<group>";
		};
		0408D414171647B800772ABD /* JsonTest */ = {
			isa = PBXGroup;
			children = (
				0408D41D171647B800772ABD /* AppDelegate.h */,
				0408D41E171647B800772ABD /* AppDelegate.m */,
				0408D426171647B800772ABD /* ViewController.h */,
				0408D427171647B800772ABD /* ViewController.m */,
				0408D429171647B800772ABD /* ViewController.xib */,
				0408D415171647B800772ABD /* Supporting Files */,
			);
			path = JsonTest;
			sourceTree = "<group>";
		};
		0408D415171647B800772ABD /* Supporting Files */ = {
			isa = PBXGroup;
			children = (
				0408D416171647B800772ABD /* JsonTest-Info.plist */,
				0408D417171647B800772ABD /* InfoPlist.strings */,
				0408D41A171647B800772ABD /* main.m */,
				0408D41C171647B800772ABD /* JsonTest-Prefix.pch */,
				0408D420171647B800772ABD /* Default.png */,
				0408D422171647B800772ABD /* Default@2x.png */,
				0408D424171647B800772ABD /* Default-568h@2x.png */,
			);
			name = "Supporting Files";
			sourceTree = "<group>";
		};
/* End PBXGroup section */

/* Begin PBXNativeTarget section */
		0408D40A171647B800772ABD /* JsonTest */ = {
			isa = PBXNativeTarget;
			buildConfigurationList = 0408D42E171647B900772ABD /* Build configuration list for PBXNativeTarget "JsonTest" */;
			buildPhases = (
				0408D407171647B800772ABD /* Sources */,
				0408D408171647B800772ABD /* Frameworks */,
				0408D409171647B800772ABD /* Resources */,
			);
			buildRules = (
			);
			dependencies = (
			);
			name = JsonTest;
			productName = JsonTest;
			productReference = 0408D40B171647B800772ABD /* JsonTest.app */;
			productType = "com.apple.product-type.application";
		};
/* End PBXNativeTarget section */

/* Begin PBXProject section */
		0408D403171647B800772ABD /* Project object */ = {
			isa = PBXProject;
			attributes = {
				LastUpgradeCheck = 0460;
				ORGANIZATIONNAME = Dn;
			};
			buildConfigurationList = 0408D406171647B800772ABD /* Build configuration list for PBXProject "JsonTest" */;
			compatibilityVersion = "Xcode 3.2";
			developmentRegion = English;
			hasScannedForEncodings = 0;
			knownRegions = (
				en,
			);
			mainGroup = 0408D402171647B800772ABD;
			productRefGroup = 0408D40C171647B800772ABD /* Products */;
			projectDirPath = "";
			projectRoot = "";
			targets = (
				0408D40A171647B800772ABD /* JsonTest */,
			);
		};
/* End PBXProject section */

/* Begin PBXResourcesBuildPhase section */
		0408D409171647B800772ABD /* Resources */ = {
			isa = PBXResourcesBuildPhase;
			buildActionMask = 2147483647;
			files = (
				0408D419171647B800772ABD /* InfoPlist.strings in Resources */,
				0408D421171647B800772ABD /* Default.png in Resources */,
				0408D423171647B800772ABD /* Default@2x.png in Resources */,
				0408D425171647B800772ABD /* Default-568h@2x.png in Resources */,
				0408D42B171647B800772ABD /* ViewController.xib in Resources */,
			);
			runOnlyForDeploymentPostprocessing = 0;
		};
/* End PBXResourcesBuildPhase section */

/* Begin PBXSourcesBuildPhase section */
		0408D407171647B800772ABD /* Sources */ = {
			isa = PBXSourcesBuildPhase;
			buildActionMask = 2147483647;
			files = (
				0408D41B171647B800772ABD /* main.m in Sources */,
				0408D41F171647B800772ABD /* AppDelegate.m in Sources */,
				0408D428171647B800772ABD /* ViewController.m in Sources */,
			);
			runOnlyForDeploymentPostprocessing = 0;
		};
/* End PBXSourcesBuildPhase section */

/* Begin PBXVariantGroup section */
		0408D417171647B800772ABD /* InfoPlist.strings */ = {
			isa = PBXVariantGroup;
			children = (
				0408D418171647B800772ABD /* en */,
			);
			name = InfoPlist.strings;
			sourceTree = "<group>";
		};
		0408D429171647B800772ABD /* ViewController.xib */ = {
			isa = PBXVariantGroup;
			children = (
				0408D42A171647B800772ABD /* en */,
			);
			name = ViewController.xib;
			sourceTree = "<group>";
		};
/* End PBXVariantGroup section */

/* Begin XCBuildConfiguration section */
		0408D42C171647B800772ABD /* Debug */ = {
			isa = XCBuildConfiguration;
			buildSettings = {
				ALWAYS_SEARCH_USER_PATHS = NO;
				CLANG_CXX_LANGUAGE_STANDARD = "gnu++0x";
				CLANG_CXX_LIBRARY = "libc++";
				CLANG_WARN_CONSTANT_CONVERSION = YES;
				CLANG_WARN_EMPTY_BODY = YES;
				CLANG_WARN_ENUM_CONVERSION = YES;
				CLANG_WARN_INT_CONVERSION = YES;
				CLANG_WARN__DUPLICATE_METHOD_MATCH = YES;
				"CODE_SIGN_IDENTITY[sdk=iphoneos*]" = "iPhone Developer";
				COPY_PHASE_STRIP = NO;
				GCC_C_LANGUAGE_STANDARD = gnu99;
				GCC_DYNAMIC_NO_PIC = NO;
				GCC_OPTIMIZATION_LEVEL = 0;
				GCC_PREPROCESSOR_DEFINITIONS = (
					"DEBUG=1",
					"$(inherited)",
				);
				GCC_SYMBOLS_PRIVATE_EXTERN = NO;
				GCC_WARN_ABOUT_RETURN_TYPE = YES;
				GCC_WARN_UNINITIALIZED_AUTOS = YES;
				GCC_WARN_UNUSED_VARIABLE = YES;
				IPHONEOS_DEPLOYMENT_TARGET = 6.1;
				ONLY_ACTIVE_ARCH = YES;
				SDKROOT = iphoneos;
			};
			name = Debug;
		};
		0408D42D171647B900772ABD /* Release */ = {
			isa = XCBuildConfiguration;
			buildSettings = {
				ALWAYS_SEARCH_USER_PATHS = NO;
				CLANG_CXX_LANGUAGE_STANDARD = "gnu++0x";
				CLANG_CXX_LIBRARY = "libc++";
				CLANG_WARN_CONSTANT_CONVERSION = YES;
				CLANG_WARN_EMPTY_BODY = YES;
				CLANG_WARN_ENUM_CONVERSION = YES;
				CLANG_WARN_INT_CONVERSION = YES;
				CLANG_WARN__DUPLICATE_METHOD_MATCH = YES;
				"CODE_SIGN_IDENTITY[sdk=iphoneos*]" = "iPhone Developer";
				COPY_PHASE_STRIP = YES;
				GCC_C_LANGUAGE_STANDARD = gnu99;
				GCC_WARN_ABOUT_RETURN_TYPE = YES;
				GCC_WARN_UNINITIALIZED_AUTOS = YES;
				GCC_WARN_UNUSED_VARIABLE = YES;
				IPHONEOS_DEPLOYMENT_TARGET = 6.1;
				OTHER_CFLAGS = "-DNS_BLOCK_ASSERTIONS=1";
				SDKROOT = iphoneos;
				VALIDATE_PRODUCT = YES;
			};
			name = Release;
		};
		0408D42F171647B900772ABD /* Debug */ = {
			isa = XCBuildConfiguration;
			buildSettings = {
				GCC_PRECOMPILE_PREFIX_HEADER = YES;
				GCC_PREFIX_HEADER = "JsonTest/JsonTest-Prefix.pch";
				INFOPLIST_FILE = "JsonTest/JsonTest-Info.plist";
				PRODUCT_NAME = "$(TARGET_NAME)";
				WRAPPER_EXTENSION = app;
			};
			name = Debug;
		};
		0408D430171647B900772ABD /* Release */ = {
			isa = XCBuildConfiguration;
			buildSettings = {
				GCC_PRECOMPILE_PREFIX_HEADER = YES;
				GCC_PREFIX_HEADER = "JsonTest/JsonTest-Prefix.pch";
				INFOPLIST_FILE = "JsonTest/JsonTest-Info.plist";
				PRODUCT_NAME = "$(TARGET_NAME)";
				WRAPPER_EXTENSION = app;
			};
			name = Release;
		};
/* End XCBuildConfiguration section */

/* Begin XCConfigurationList section */
		0408D406171647B800772ABD /* Build configuration list for PBXProject "JsonTest" */ = {
			isa = XCConfigurationList;
			buildConfigurations = (
				0408D42C171647B800772ABD /* Debug */,
				0408D42D171647B900772ABD /* Release */,
			);
			defaultConfigurationIsVisible = 0;
			defaultConfigurationName = Release;
		};
		0408D42E171647B900772ABD /* Build configuration list for PBXNativeTarget "JsonTest" */ = {
			isa = XCConfigurationList;
			buildConfigurations = (
				0408D42F171647B900772ABD /* Debug */,
				0408D430171647B900772ABD /* Release */,
			);
			defaultConfigurationIsVisible = 0;
		};
/* End XCConfigurationList section */
	};
	rootObject = 0408D403171647B800772ABD /* Project object */;
}
